<?xml version="1.0" encoding="utf-8"?>
<Project ToolsVersion="4.0" xmlns="http://schemas.microsoft.com/developer/msbuild/2003">
  <ItemGroup>
    <Filter Include="Form Files">
      <UniqueIdentifier>{99349809-55BA-4b9d-BF79-8FDBB0286EB3}</UniqueIdentifier>
      <Extensions>ui</Extensions>
      <ParseFiles>false</ParseFiles>
    </Filter>
    <Filter Include="Form Files">
      <UniqueIdentifier>{99349809-55BA-4b9d-BF79-8FDBB0286EB3}</UniqueIdentifier>
      <Extensions>ui</Extensions>
      <ParseFiles>false</ParseFiles>
    </Filter>
    <Filter Include="Generated Files">
      <UniqueIdentifier>{71ED8ED8-ACB9-4CE9-BBE1-E00B30144E11}</UniqueIdentifier>
      <Extensions>cpp;c;cxx;moc;h;def;odl;idl;res;</Extensions>
    </Filter>
    <Filter Include="Generated Files">
      <UniqueIdentifier>{71ED8ED8-ACB9-4CE9-BBE1-E00B30144E11}</UniqueIdentifier>
      <Extensions>cpp;c;cxx;moc;h;def;odl;idl;res;</Extensions>
    </Filter>
    <Filter Include="Header Files">
      <UniqueIdentifier>{93995380-89BD-4b04-88EB-625FBE52EBFB}</UniqueIdentifier>
      <Extensions>h;hpp;hxx;hm;inl;inc;xsd</Extensions>
    </Filter>
    <Filter Include="Header Files">
      <UniqueIdentifier>{93995380-89BD-4b04-88EB-625FBE52EBFB}</UniqueIdentifier>
      <Extensions>h;hpp;hxx;hm;inl;inc;xsd</Extensions>
    </Filter>
    <Filter Include="Resource Files">
      <UniqueIdentifier>{D9D6E242-F8AF-46E4-B9FD-80ECBC20BA3E}</UniqueIdentifier>
      <Extensions>qrc;*</Extensions>
      <ParseFiles>false</ParseFiles>
    </Filter>
    <Filter Include="Resource Files">
      <UniqueIdentifier>{D9D6E242-F8AF-46E4-B9FD-80ECBC20BA3E}</UniqueIdentifier>
      <Extensions>qrc;*</Extensions>
      <ParseFiles>false</ParseFiles>
    </Filter>
    <Filter Include="Source Files">
      <UniqueIdentifier>{4FC737F1-C7A5-4376-A066-2A32D752A2FF}</UniqueIdentifier>
      <Extensions>cpp;c;cxx;def;odl;idl;hpj;bat;asm;asmx</Extensions>
    </Filter>
    <Filter Include="Source Files">
      <UniqueIdentifier>{4FC737F1-C7A5-4376-A066-2A32D752A2FF}</UniqueIdentifier>
      <Extensions>cpp;c;cxx;def;odl;idl;hpj;bat;asm;asmx</Extensions>
    </Filter>
    <Filter Include="Generated Files\Release">
      <UniqueIdentifier>{ddf4e8cb-40ce-4019-ac54-682ec239f39d}</UniqueIdentifier>
      <Extensions>cpp;moc</Extensions>
      <SourceControlFiles>False</SourceControlFiles>
    </Filter>
    <Filter Include="Generated Files\Debug">
      <UniqueIdentifier>{02c0545e-303b-4a8c-afc9-8f9b14bfe98a}</UniqueIdentifier>
      <Extensions>cpp;moc</Extensions>
      <SourceControlFiles>False</SourceControlFiles>
    </Filter>
  </ItemGroup>
  <ItemGroup>
    <ClCompile Include="abstractfiletask.cpp">
      <Filter>Source Files</Filter>
    </ClCompile>
    <ClCompile Include="adminauthorization_win.cpp">
      <Filter>Source Files</Filter>
    </ClCompile>
    <ClCompile Include="binarycontent.cpp">
      <Filter>Source Files</Filter>
    </ClCompile>
    <ClCompile Include="binaryformat.cpp">
      <Filter>Source Files</Filter>
    </ClCompile>
    <ClCompile Include="binaryformatengine.cpp">
      <Filter>Source Files</Filter>
    </ClCompile>
    <ClCompile Include="binaryformatenginehandler.cpp">
      <Filter>Source Files</Filter>
    </ClCompile>
    <ClCompile Include="binarylayout.cpp">
      <Filter>Source Files</Filter>
    </ClCompile>
    <ClCompile Include="component.cpp">
      <Filter>Source Files</Filter>
    </ClCompile>
    <ClCompile Include="component_p.cpp">
      <Filter>Source Files</Filter>
    </ClCompile>
    <ClCompile Include="componentchecker.cpp">
      <Filter>Source Files</Filter>
    </ClCompile>
    <ClCompile Include="componentmodel.cpp">
      <Filter>Source Files</Filter>
    </ClCompile>
    <ClCompile Include="consumeoutputoperation.cpp">
      <Filter>Source Files</Filter>
    </ClCompile>
    <ClCompile Include="copydirectoryoperation.cpp">
      <Filter>Source Files</Filter>
    </ClCompile>
    <ClCompile Include="copyfiletask.cpp">
      <Filter>Source Files</Filter>
    </ClCompile>
    <ClCompile Include="createdesktopentryoperation.cpp">
      <Filter>Source Files</Filter>
    </ClCompile>
    <ClCompile Include="createlinkoperation.cpp">
      <Filter>Source Files</Filter>
    </ClCompile>
    <ClCompile Include="createlocalrepositoryoperation.cpp">
      <Filter>Source Files</Filter>
    </ClCompile>
    <ClCompile Include="createshortcutoperation.cpp">
      <Filter>Source Files</Filter>
    </ClCompile>
    <ClCompile Include="downloadarchivesjob.cpp">
      <Filter>Source Files</Filter>
    </ClCompile>
    <ClCompile Include="downloadfiletask.cpp">
      <Filter>Source Files</Filter>
    </ClCompile>
    <ClCompile Include="elevatedexecuteoperation.cpp">
      <Filter>Source Files</Filter>
    </ClCompile>
    <ClCompile Include="..\kdtools\environment.cpp">
      <Filter>Source Files</Filter>
    </ClCompile>
    <ClCompile Include="environmentvariablesoperation.cpp">
      <Filter>Source Files</Filter>
    </ClCompile>
    <ClCompile Include="extractarchiveoperation.cpp">
      <Filter>Source Files</Filter>
    </ClCompile>
    <ClCompile Include="fakestopprocessforupdateoperation.cpp">
      <Filter>Source Files</Filter>
    </ClCompile>
    <ClCompile Include="fileio.cpp">
      <Filter>Source Files</Filter>
    </ClCompile>
    <ClCompile Include="fileutils.cpp">
      <Filter>Source Files</Filter>
    </ClCompile>
    <ClCompile Include="globals.cpp">
      <Filter>Source Files</Filter>
    </ClCompile>
    <ClCompile Include="globalsettingsoperation.cpp">
      <Filter>Source Files</Filter>
    </ClCompile>
    <ClCompile Include="init.cpp">
      <Filter>Source Files</Filter>
    </ClCompile>
    <ClCompile Include="installercalculator.cpp">
      <Filter>Source Files</Filter>
    </ClCompile>
    <ClCompile Include="installiconsoperation.cpp">
      <Filter>Source Files</Filter>
    </ClCompile>
    <ClCompile Include="..\kdtools\kdjob.cpp">
      <Filter>Source Files</Filter>
    </ClCompile>
    <ClCompile Include="..\kdtools\kdlockfile.cpp">
      <Filter>Source Files</Filter>
    </ClCompile>
    <ClCompile Include="..\kdtools\kdlockfile_win.cpp">
      <Filter>Source Files</Filter>
    </ClCompile>
    <ClCompile Include="..\kdtools\kdrunoncechecker.cpp">
      <Filter>Source Files</Filter>
    </ClCompile>
    <ClCompile Include="..\kdtools\kdselfrestarter.cpp">
      <Filter>Source Files</Filter>
    </ClCompile>
    <ClCompile Include="..\kdtools\kdsysinfo.cpp">
      <Filter>Source Files</Filter>
    </ClCompile>
    <ClCompile Include="..\kdtools\kdsysinfo_win.cpp">
      <Filter>Source Files</Filter>
    </ClCompile>
    <ClCompile Include="..\kdtools\kdupdaterapplication.cpp">
      <Filter>Source Files</Filter>
    </ClCompile>
    <ClCompile Include="..\kdtools\kdupdaterfiledownloader.cpp">
      <Filter>Source Files</Filter>
    </ClCompile>
    <ClCompile Include="..\kdtools\kdupdaterfiledownloaderfactory.cpp">
      <Filter>Source Files</Filter>
    </ClCompile>
    <ClCompile Include="..\kdtools\kdupdaterpackagesinfo.cpp">
      <Filter>Source Files</Filter>
    </ClCompile>
    <ClCompile Include="..\kdtools\kdupdatertask.cpp">
      <Filter>Source Files</Filter>
    </ClCompile>
    <ClCompile Include="..\kdtools\kdupdaterupdate.cpp">
      <Filter>Source Files</Filter>
    </ClCompile>
    <ClCompile Include="..\kdtools\kdupdaterupdatefinder.cpp">
      <Filter>Source Files</Filter>
    </ClCompile>
    <ClCompile Include="..\kdtools\kdupdaterupdateoperation.cpp">
      <Filter>Source Files</Filter>
    </ClCompile>
    <ClCompile Include="..\kdtools\kdupdaterupdateoperationfactory.cpp">
      <Filter>Source Files</Filter>
    </ClCompile>
    <ClCompile Include="..\kdtools\kdupdaterupdateoperations.cpp">
      <Filter>Source Files</Filter>
    </ClCompile>
    <ClCompile Include="..\kdtools\kdupdaterupdatesinfo.cpp">
      <Filter>Source Files</Filter>
    </ClCompile>
    <ClCompile Include="..\kdtools\kdupdaterupdatesourcesinfo.cpp">
      <Filter>Source Files</Filter>
    </ClCompile>
    <ClCompile Include="keepaliveobject.cpp">
      <Filter>Source Files</Filter>
    </ClCompile>
    <ClCompile Include="lazyplaintextedit.cpp">
      <Filter>Source Files</Filter>
    </ClCompile>
    <ClCompile Include="lib7z_facade.cpp">
      <Filter>Source Files</Filter>
    </ClCompile>
    <ClCompile Include="licenseoperation.cpp">
      <Filter>Source Files</Filter>
    </ClCompile>
    <ClCompile Include="linereplaceoperation.cpp">
      <Filter>Source Files</Filter>
    </ClCompile>
    <ClCompile Include="link.cpp">
      <Filter>Source Files</Filter>
    </ClCompile>
    <ClCompile Include="messageboxhandler.cpp">
      <Filter>Source Files</Filter>
    </ClCompile>
    <ClCompile Include="metadatajob.cpp">
      <Filter>Source Files</Filter>
    </ClCompile>
    <ClCompile Include="minimumprogressoperation.cpp">
      <Filter>Source Files</Filter>
    </ClCompile>
    <ClCompile Include="observer.cpp">
      <Filter>Source Files</Filter>
    </ClCompile>
    <ClCompile Include="packagemanagercore.cpp">
      <Filter>Source Files</Filter>
    </ClCompile>
    <ClCompile Include="packagemanagercore_p.cpp">
      <Filter>Source Files</Filter>
    </ClCompile>
    <ClCompile Include="packagemanagercoredata.cpp">
      <Filter>Source Files</Filter>
    </ClCompile>
    <ClCompile Include="packagemanagergui.cpp">
      <Filter>Source Files</Filter>
    </ClCompile>
    <ClCompile Include="packagemanagerpagefactory.cpp">
      <Filter>Source Files</Filter>
    </ClCompile>
    <ClCompile Include="packagemanagerproxyfactory.cpp">
      <Filter>Source Files</Filter>
    </ClCompile>
    <ClCompile Include="performinstallationform.cpp">
      <Filter>Source Files</Filter>
    </ClCompile>
    <ClCompile Include="permissionsettings.cpp">
      <Filter>Source Files</Filter>
    </ClCompile>
    <ClCompile Include="productkeycheck.cpp">
      <Filter>Source Files</Filter>
    </ClCompile>
    <ClCompile Include="progresscoordinator.cpp">
      <Filter>Source Files</Filter>
    </ClCompile>
    <ClCompile Include="protocol.cpp">
      <Filter>Source Files</Filter>
    </ClCompile>
    <ClCompile Include="proxycredentialsdialog.cpp">
      <Filter>Source Files</Filter>
    </ClCompile>
    <ClCompile Include="qprocesswrapper.cpp">
      <Filter>Source Files</Filter>
    </ClCompile>
    <ClCompile Include="qsettingswrapper.cpp">
      <Filter>Source Files</Filter>
    </ClCompile>
    <ClCompile Include="qtpatch.cpp">
      <Filter>Source Files</Filter>
    </ClCompile>
    <ClCompile Include="registerfiletypeoperation.cpp">
      <Filter>Source Files</Filter>
    </ClCompile>
    <ClCompile Include="remoteclient.cpp">
      <Filter>Source Files</Filter>
    </ClCompile>
    <ClCompile Include="remotefileengine.cpp">
      <Filter>Source Files</Filter>
    </ClCompile>
    <ClCompile Include="remoteobject.cpp">
      <Filter>Source Files</Filter>
    </ClCompile>
    <ClCompile Include="remoteserver.cpp">
      <Filter>Source Files</Filter>
    </ClCompile>
    <ClCompile Include="remoteserverconnection.cpp">
      <Filter>Source Files</Filter>
    </ClCompile>
    <ClCompile Include="replaceoperation.cpp">
      <Filter>Source Files</Filter>
    </ClCompile>
    <ClCompile Include="repository.cpp">
      <Filter>Source Files</Filter>
    </ClCompile>
    <ClCompile Include="scriptengine.cpp">
      <Filter>Source Files</Filter>
    </ClCompile>
    <ClCompile Include="selfrestartoperation.cpp">
      <Filter>Source Files</Filter>
    </ClCompile>
    <ClCompile Include="serverauthenticationdialog.cpp">
      <Filter>Source Files</Filter>
    </ClCompile>
    <ClCompile Include="settings.cpp">
      <Filter>Source Files</Filter>
    </ClCompile>
    <ClCompile Include="settingsoperation.cpp">
      <Filter>Source Files</Filter>
    </ClCompile>
    <ClCompile Include="simplemovefileoperation.cpp">
      <Filter>Source Files</Filter>
    </ClCompile>
    <ClCompile Include="sysinfo_win.cpp">
      <Filter>Source Files</Filter>
    </ClCompile>
    <ClCompile Include="systeminfo.cpp">
      <Filter>Source Files</Filter>
    </ClCompile>
    <ClCompile Include="testrepository.cpp">
      <Filter>Source Files</Filter>
    </ClCompile>
    <ClCompile Include="uninstallercalculator.cpp">
      <Filter>Source Files</Filter>
    </ClCompile>
    <ClCompile Include="unziptask.cpp">
      <Filter>Source Files</Filter>
    </ClCompile>
    <ClCompile Include="utils.cpp">
      <Filter>Source Files</Filter>
    </ClCompile>
    <ClCompile Include="Release\moc_abstractfiletask.cpp">
      <Filter>Generated Files\Release</Filter>
    </ClCompile>
    <ClCompile Include="Debug\moc_abstractfiletask.cpp">
      <Filter>Generated Files\Debug</Filter>
    </ClCompile>
    <ClCompile Include="Release\moc_binaryformat.cpp">
      <Filter>Generated Files\Release</Filter>
    </ClCompile>
    <ClCompile Include="Debug\moc_binaryformat.cpp">
      <Filter>Generated Files\Debug</Filter>
    </ClCompile>
    <ClCompile Include="Release\moc_component.cpp">
      <Filter>Generated Files\Release</Filter>
    </ClCompile>
    <ClCompile Include="Debug\moc_component.cpp">
      <Filter>Generated Files\Debug</Filter>
    </ClCompile>
    <ClCompile Include="Release\moc_componentmodel.cpp">
      <Filter>Generated Files\Release</Filter>
    </ClCompile>
    <ClCompile Include="Debug\moc_componentmodel.cpp">
      <Filter>Generated Files\Debug</Filter>
    </ClCompile>
    <ClCompile Include="Release\moc_copydirectoryoperation.cpp">
      <Filter>Generated Files\Release</Filter>
    </ClCompile>
    <ClCompile Include="Debug\moc_copydirectoryoperation.cpp">
      <Filter>Generated Files\Debug</Filter>
    </ClCompile>
    <ClCompile Include="Release\moc_copyfiletask.cpp">
      <Filter>Generated Files\Release</Filter>
    </ClCompile>
    <ClCompile Include="Debug\moc_copyfiletask.cpp">
      <Filter>Generated Files\Debug</Filter>
    </ClCompile>
    <ClCompile Include="Release\moc_createlocalrepositoryoperation.cpp">
      <Filter>Generated Files\Release</Filter>
    </ClCompile>
    <ClCompile Include="Debug\moc_createlocalrepositoryoperation.cpp">
      <Filter>Generated Files\Debug</Filter>
    </ClCompile>
    <ClCompile Include="Release\moc_downloadarchivesjob.cpp">
      <Filter>Generated Files\Release</Filter>
    </ClCompile>
    <ClCompile Include="Debug\moc_downloadarchivesjob.cpp">
      <Filter>Generated Files\Debug</Filter>
    </ClCompile>
    <ClCompile Include="Release\moc_downloadfiletask.cpp">
      <Filter>Generated Files\Release</Filter>
    </ClCompile>
    <ClCompile Include="Debug\moc_downloadfiletask.cpp">
      <Filter>Generated Files\Debug</Filter>
    </ClCompile>
    <ClCompile Include="Release\moc_downloadfiletask_p.cpp">
      <Filter>Generated Files\Release</Filter>
    </ClCompile>
    <ClCompile Include="Debug\moc_downloadfiletask_p.cpp">
      <Filter>Generated Files\Debug</Filter>
    </ClCompile>
    <ClCompile Include="Release\moc_elevatedexecuteoperation.cpp">
      <Filter>Generated Files\Release</Filter>
    </ClCompile>
    <ClCompile Include="Debug\moc_elevatedexecuteoperation.cpp">
      <Filter>Generated Files\Debug</Filter>
    </ClCompile>
    <ClCompile Include="Release\moc_extractarchiveoperation.cpp">
      <Filter>Generated Files\Release</Filter>
    </ClCompile>
    <ClCompile Include="Debug\moc_extractarchiveoperation.cpp">
      <Filter>Generated Files\Debug</Filter>
    </ClCompile>
    <ClCompile Include="Release\moc_extractarchiveoperation_p.cpp">
      <Filter>Generated Files\Release</Filter>
    </ClCompile>
    <ClCompile Include="Debug\moc_extractarchiveoperation_p.cpp">
      <Filter>Generated Files\Debug</Filter>
    </ClCompile>
    <ClCompile Include="Release\moc_fakestopprocessforupdateoperation.cpp">
      <Filter>Generated Files\Release</Filter>
    </ClCompile>
    <ClCompile Include="Debug\moc_fakestopprocessforupdateoperation.cpp">
      <Filter>Generated Files\Debug</Filter>
    </ClCompile>
    <ClCompile Include="Release\moc_installiconsoperation.cpp">
      <Filter>Generated Files\Release</Filter>
    </ClCompile>
    <ClCompile Include="Debug\moc_installiconsoperation.cpp">
      <Filter>Generated Files\Debug</Filter>
    </ClCompile>
    <ClCompile Include="Release\moc_kdjob.cpp">
      <Filter>Generated Files\Release</Filter>
    </ClCompile>
    <ClCompile Include="Debug\moc_kdjob.cpp">
      <Filter>Generated Files\Debug</Filter>
    </ClCompile>
    <ClCompile Include="Release\moc_kdupdaterapplication.cpp">
      <Filter>Generated Files\Release</Filter>
    </ClCompile>
    <ClCompile Include="Debug\moc_kdupdaterapplication.cpp">
      <Filter>Generated Files\Debug</Filter>
    </ClCompile>
    <ClCompile Include="Release\moc_kdupdaterfiledownloader.cpp">
      <Filter>Generated Files\Release</Filter>
    </ClCompile>
    <ClCompile Include="Debug\moc_kdupdaterfiledownloader.cpp">
      <Filter>Generated Files\Debug</Filter>
    </ClCompile>
    <ClCompile Include="Release\moc_kdupdaterfiledownloader_p.cpp">
      <Filter>Generated Files\Release</Filter>
    </ClCompile>
    <ClCompile Include="Debug\moc_kdupdaterfiledownloader_p.cpp">
      <Filter>Generated Files\Debug</Filter>
    </ClCompile>
    <ClCompile Include="Release\moc_kdupdaterpackagesinfo.cpp">
      <Filter>Generated Files\Release</Filter>
    </ClCompile>
    <ClCompile Include="Debug\moc_kdupdaterpackagesinfo.cpp">
      <Filter>Generated Files\Debug</Filter>
    </ClCompile>
    <ClCompile Include="Release\moc_kdupdatertask.cpp">
      <Filter>Generated Files\Release</Filter>
    </ClCompile>
    <ClCompile Include="Debug\moc_kdupdatertask.cpp">
      <Filter>Generated Files\Debug</Filter>
    </ClCompile>
    <ClCompile Include="Release\moc_kdupdaterupdatefinder.cpp">
      <Filter>Generated Files\Release</Filter>
    </ClCompile>
    <ClCompile Include="Debug\moc_kdupdaterupdatefinder.cpp">
      <Filter>Generated Files\Debug</Filter>
    </ClCompile>
    <ClCompile Include="Release\moc_kdupdaterupdatesourcesinfo.cpp">
      <Filter>Generated Files\Release</Filter>
    </ClCompile>
    <ClCompile Include="Debug\moc_kdupdaterupdatesourcesinfo.cpp">
      <Filter>Generated Files\Debug</Filter>
    </ClCompile>
    <ClCompile Include="Release\moc_keepaliveobject.cpp">
      <Filter>Generated Files\Release</Filter>
    </ClCompile>
    <ClCompile Include="Debug\moc_keepaliveobject.cpp">
      <Filter>Generated Files\Debug</Filter>
    </ClCompile>
    <ClCompile Include="Release\moc_lazyplaintextedit.cpp">
      <Filter>Generated Files\Release</Filter>
    </ClCompile>
    <ClCompile Include="Debug\moc_lazyplaintextedit.cpp">
      <Filter>Generated Files\Debug</Filter>
    </ClCompile>
    <ClCompile Include="Release\moc_lib7z_facade.cpp">
      <Filter>Generated Files\Release</Filter>
    </ClCompile>
    <ClCompile Include="Debug\moc_lib7z_facade.cpp">
      <Filter>Generated Files\Debug</Filter>
    </ClCompile>
    <ClCompile Include="Release\moc_messageboxhandler.cpp">
      <Filter>Generated Files\Release</Filter>
    </ClCompile>
    <ClCompile Include="Debug\moc_messageboxhandler.cpp">
      <Filter>Generated Files\Debug</Filter>
    </ClCompile>
    <ClCompile Include="Release\moc_metadatajob.cpp">
      <Filter>Generated Files\Release</Filter>
    </ClCompile>
    <ClCompile Include="Debug\moc_metadatajob.cpp">
      <Filter>Generated Files\Debug</Filter>
    </ClCompile>
    <ClCompile Include="Release\moc_metadatajob_p.cpp">
      <Filter>Generated Files\Release</Filter>
    </ClCompile>
    <ClCompile Include="Debug\moc_metadatajob_p.cpp">
      <Filter>Generated Files\Debug</Filter>
    </ClCompile>
    <ClCompile Include="Release\moc_minimumprogressoperation.cpp">
      <Filter>Generated Files\Release</Filter>
    </ClCompile>
    <ClCompile Include="Debug\moc_minimumprogressoperation.cpp">
      <Filter>Generated Files\Debug</Filter>
    </ClCompile>
    <ClCompile Include="Release\moc_observer.cpp">
      <Filter>Generated Files\Release</Filter>
    </ClCompile>
    <ClCompile Include="Debug\moc_observer.cpp">
      <Filter>Generated Files\Debug</Filter>
    </ClCompile>
    <ClCompile Include="Release\moc_packagemanagercore.cpp">
      <Filter>Generated Files\Release</Filter>
    </ClCompile>
    <ClCompile Include="Debug\moc_packagemanagercore.cpp">
      <Filter>Generated Files\Debug</Filter>
    </ClCompile>
    <ClCompile Include="Release\moc_packagemanagercore_p.cpp">
      <Filter>Generated Files\Release</Filter>
    </ClCompile>
    <ClCompile Include="Debug\moc_packagemanagercore_p.cpp">
      <Filter>Generated Files\Debug</Filter>
    </ClCompile>
    <ClCompile Include="Release\moc_packagemanagergui.cpp">
      <Filter>Generated Files\Release</Filter>
    </ClCompile>
    <ClCompile Include="Debug\moc_packagemanagergui.cpp">
      <Filter>Generated Files\Debug</Filter>
    </ClCompile>
    <ClCompile Include="Release\moc_performinstallationform.cpp">
      <Filter>Generated Files\Release</Filter>
    </ClCompile>
    <ClCompile Include="Debug\moc_performinstallationform.cpp">
      <Filter>Generated Files\Debug</Filter>
    </ClCompile>
    <ClCompile Include="Release\moc_progresscoordinator.cpp">
      <Filter>Generated Files\Release</Filter>
    </ClCompile>
    <ClCompile Include="Debug\moc_progresscoordinator.cpp">
      <Filter>Generated Files\Debug</Filter>
    </ClCompile>
    <ClCompile Include="Release\moc_proxycredentialsdialog.cpp">
      <Filter>Generated Files\Release</Filter>
    </ClCompile>
    <ClCompile Include="Debug\moc_proxycredentialsdialog.cpp">
      <Filter>Generated Files\Debug</Filter>
    </ClCompile>
    <ClCompile Include="Release\moc_qprocesswrapper.cpp">
      <Filter>Generated Files\Release</Filter>
    </ClCompile>
    <ClCompile Include="Debug\moc_qprocesswrapper.cpp">
      <Filter>Generated Files\Debug</Filter>
    </ClCompile>
    <ClCompile Include="Release\moc_qsettingswrapper.cpp">
      <Filter>Generated Files\Release</Filter>
    </ClCompile>
    <ClCompile Include="Debug\moc_qsettingswrapper.cpp">
      <Filter>Generated Files\Debug</Filter>
    </ClCompile>
    <ClCompile Include="Release\moc_registerfiletypeoperation.cpp">
      <Filter>Generated Files\Release</Filter>
    </ClCompile>
    <ClCompile Include="Debug\moc_registerfiletypeoperation.cpp">
      <Filter>Generated Files\Debug</Filter>
    </ClCompile>
    <ClCompile Include="Release\moc_remoteobject.cpp">
      <Filter>Generated Files\Release</Filter>
    </ClCompile>
    <ClCompile Include="Debug\moc_remoteobject.cpp">
      <Filter>Generated Files\Debug</Filter>
    </ClCompile>
    <ClCompile Include="Release\moc_remoteserver.cpp">
      <Filter>Generated Files\Release</Filter>
    </ClCompile>
    <ClCompile Include="Debug\moc_remoteserver.cpp">
      <Filter>Generated Files\Debug</Filter>
    </ClCompile>
    <ClCompile Include="Release\moc_remoteserver_p.cpp">
      <Filter>Generated Files\Release</Filter>
    </ClCompile>
    <ClCompile Include="Debug\moc_remoteserver_p.cpp">
      <Filter>Generated Files\Debug</Filter>
    </ClCompile>
    <ClCompile Include="Release\moc_remoteserverconnection.cpp">
      <Filter>Generated Files\Release</Filter>
    </ClCompile>
    <ClCompile Include="Debug\moc_remoteserverconnection.cpp">
      <Filter>Generated Files\Debug</Filter>
    </ClCompile>
    <ClCompile Include="Release\moc_remoteserverconnection_p.cpp">
      <Filter>Generated Files\Release</Filter>
    </ClCompile>
    <ClCompile Include="Debug\moc_remoteserverconnection_p.cpp">
      <Filter>Generated Files\Debug</Filter>
    </ClCompile>
    <ClCompile Include="Release\moc_scriptengine.cpp">
      <Filter>Generated Files\Release</Filter>
    </ClCompile>
    <ClCompile Include="Debug\moc_scriptengine.cpp">
      <Filter>Generated Files\Debug</Filter>
    </ClCompile>
    <ClCompile Include="Release\moc_scriptengine_p.cpp">
      <Filter>Generated Files\Release</Filter>
    </ClCompile>
    <ClCompile Include="Debug\moc_scriptengine_p.cpp">
      <Filter>Generated Files\Debug</Filter>
    </ClCompile>
    <ClCompile Include="Release\moc_serverauthenticationdialog.cpp">
      <Filter>Generated Files\Release</Filter>
    </ClCompile>
    <ClCompile Include="Debug\moc_serverauthenticationdialog.cpp">
      <Filter>Generated Files\Debug</Filter>
    </ClCompile>
    <ClCompile Include="Release\moc_simplemovefileoperation.cpp">
      <Filter>Generated Files\Release</Filter>
    </ClCompile>
    <ClCompile Include="Debug\moc_simplemovefileoperation.cpp">
      <Filter>Generated Files\Debug</Filter>
    </ClCompile>
    <ClCompile Include="Release\moc_systeminfo.cpp">
      <Filter>Generated Files\Release</Filter>
    </ClCompile>
    <ClCompile Include="Debug\moc_systeminfo.cpp">
      <Filter>Generated Files\Debug</Filter>
    </ClCompile>
    <ClCompile Include="Release\moc_testrepository.cpp">
      <Filter>Generated Files\Release</Filter>
    </ClCompile>
    <ClCompile Include="Debug\moc_testrepository.cpp">
      <Filter>Generated Files\Debug</Filter>
    </ClCompile>
    <ClCompile Include="GeneratedFiles\qrc_installer.cpp">
      <Filter>Generated Files</Filter>
    </ClCompile>
    <ClCompile Include="VectorWizard.cpp">
      <Filter>Source Files</Filter>
    </ClCompile>
    <ClCompile Include="addkitstospeeddialoperation.cpp">
      <Filter>Source Files</Filter>
    </ClCompile>
  </ItemGroup>
  <ItemGroup>
    <CustomBuild Include="abstractfiletask.h">
      <Filter>Header Files</Filter>
    </CustomBuild>
    <ClInclude Include="abstracttask.h">
      <Filter>Header Files</Filter>
    </ClInclude>
    <ClInclude Include="adminauthorization.h">
      <Filter>Header Files</Filter>
    </ClInclude>
    <ClInclude Include="binarycontent.h">
      <Filter>Header Files</Filter>
    </ClInclude>
    <CustomBuild Include="binaryformat.h">
      <Filter>Header Files</Filter>
    </CustomBuild>
    <ClInclude Include="binaryformatengine.h">
      <Filter>Header Files</Filter>
    </ClInclude>
    <ClInclude Include="binaryformatenginehandler.h">
      <Filter>Header Files</Filter>
    </ClInclude>
    <ClInclude Include="binarylayout.h">
      <Filter>Header Files</Filter>
    </ClInclude>
    <CustomBuild Include="component.h">
      <Filter>Header Files</Filter>
    </CustomBuild>
    <ClInclude Include="component_p.h">
      <Filter>Header Files</Filter>
    </ClInclude>
    <ClInclude Include="componentchecker.h">
      <Filter>Header Files</Filter>
    </ClInclude>
    <CustomBuild Include="componentmodel.h">
      <Filter>Header Files</Filter>
    </CustomBuild>
    <ClInclude Include="constants.h">
      <Filter>Header Files</Filter>
    </ClInclude>
    <ClInclude Include="consumeoutputoperation.h">
      <Filter>Header Files</Filter>
    </ClInclude>
    <CustomBuild Include="copydirectoryoperation.h">
      <Filter>Header Files</Filter>
    </CustomBuild>
    <CustomBuild Include="copyfiletask.h">
      <Filter>Header Files</Filter>
    </CustomBuild>
    <ClInclude Include="createdesktopentryoperation.h">
      <Filter>Header Files</Filter>
    </ClInclude>
    <ClInclude Include="createlinkoperation.h">
      <Filter>Header Files</Filter>
    </ClInclude>
    <CustomBuild Include="createlocalrepositoryoperation.h">
      <Filter>Header Files</Filter>
    </CustomBuild>
    <ClInclude Include="createshortcutoperation.h">
      <Filter>Header Files</Filter>
    </ClInclude>
    <CustomBuild Include="downloadarchivesjob.h">
      <Filter>Header Files</Filter>
    </CustomBuild>
    <CustomBuild Include="downloadfiletask.h">
      <Filter>Header Files</Filter>
    </CustomBuild>
    <CustomBuild Include="downloadfiletask_p.h">
      <Filter>Header Files</Filter>
    </CustomBuild>
    <CustomBuild Include="elevatedexecuteoperation.h">
      <Filter>Header Files</Filter>
    </CustomBuild>
    <ClInclude Include="..\kdtools\environment.h">
      <Filter>Header Files</Filter>
    </ClInclude>
    <ClInclude Include="environmentvariablesoperation.h">
      <Filter>Header Files</Filter>
    </ClInclude>
    <ClInclude Include="errors.h">
      <Filter>Header Files</Filter>
    </ClInclude>
    <CustomBuild Include="extractarchiveoperation.h">
      <Filter>Header Files</Filter>
    </CustomBuild>
    <CustomBuild Include="extractarchiveoperation_p.h">
      <Filter>Header Files</Filter>
    </CustomBuild>
    <CustomBuild Include="fakestopprocessforupdateoperation.h">
      <Filter>Header Files</Filter>
    </CustomBuild>
    <ClInclude Include="fileio.h">
      <Filter>Header Files</Filter>
    </ClInclude>
    <ClInclude Include="globals.h">
      <Filter>Header Files</Filter>
    </ClInclude>
    <ClInclude Include="globalsettingsoperation.h">
      <Filter>Header Files</Filter>
    </ClInclude>
    <ClInclude Include="graph.h">
      <Filter>Header Files</Filter>
    </ClInclude>
    <ClInclude Include="init.h">
      <Filter>Header Files</Filter>
    </ClInclude>
    <ClInclude Include="installer_global.h">
      <Filter>Header Files</Filter>
    </ClInclude>
    <ClInclude Include="installercalculator.h">
      <Filter>Header Files</Filter>
    </ClInclude>
    <CustomBuild Include="installiconsoperation.h">
      <Filter>Header Files</Filter>
    </CustomBuild>
    <ClInclude Include="..\kdtools\kdgenericfactory.h">
      <Filter>Header Files</Filter>
    </ClInclude>
    <CustomBuild Include="..\kdtools\kdjob.h">
      <Filter>Header Files</Filter>
    </CustomBuild>
    <ClInclude Include="..\kdtools\kdlockfile.h">
      <Filter>Header Files</Filter>
    </ClInclude>
    <ClInclude Include="..\kdtools\kdrunoncechecker.h">
      <Filter>Header Files</Filter>
    </ClInclude>
    <ClInclude Include="..\kdtools\kdselfrestarter.h">
      <Filter>Header Files</Filter>
    </ClInclude>
    <ClInclude Include="..\kdtools\kdsysinfo.h">
      <Filter>Header Files</Filter>
    </ClInclude>
    <ClInclude Include="..\kdtools\kdtoolsglobal.h">
      <Filter>Header Files</Filter>
    </ClInclude>
    <ClInclude Include="..\kdtools\kdupdater.h">
      <Filter>Header Files</Filter>
    </ClInclude>
    <CustomBuild Include="..\kdtools\kdupdaterapplication.h">
      <Filter>Header Files</Filter>
    </CustomBuild>
    <CustomBuild Include="..\kdtools\kdupdaterfiledownloader.h">
      <Filter>Header Files</Filter>
    </CustomBuild>
    <CustomBuild Include="..\kdtools\kdupdaterfiledownloader_p.h">
      <Filter>Header Files</Filter>
    </CustomBuild>
    <ClInclude Include="..\kdtools\kdupdaterfiledownloaderfactory.h">
      <Filter>Header Files</Filter>
    </ClInclude>
    <CustomBuild Include="..\kdtools\kdupdaterpackagesinfo.h">
      <Filter>Header Files</Filter>
    </CustomBuild>
    <CustomBuild Include="..\kdtools\kdupdatertask.h">
      <Filter>Header Files</Filter>
    </CustomBuild>
    <ClInclude Include="..\kdtools\kdupdaterupdate.h">
      <Filter>Header Files</Filter>
    </ClInclude>
    <CustomBuild Include="..\kdtools\kdupdaterupdatefinder.h">
      <Filter>Header Files</Filter>
    </CustomBuild>
    <ClInclude Include="..\kdtools\kdupdaterupdateoperation.h">
      <Filter>Header Files</Filter>
    </ClInclude>
    <ClInclude Include="..\kdtools\kdupdaterupdateoperationfactory.h">
      <Filter>Header Files</Filter>
    </ClInclude>
    <ClInclude Include="..\kdtools\kdupdaterupdateoperations.h">
      <Filter>Header Files</Filter>
    </ClInclude>
    <ClInclude Include="..\kdtools\kdupdaterupdatesinfo_p.h">
      <Filter>Header Files</Filter>
    </ClInclude>
    <ClInclude Include="..\kdtools\kdupdaterupdatesinfodata_p.h">
      <Filter>Header Files</Filter>
    </ClInclude>
    <CustomBuild Include="..\kdtools\kdupdaterupdatesourcesinfo.h">
      <Filter>Header Files</Filter>
    </CustomBuild>
    <CustomBuild Include="keepaliveobject.h">
      <Filter>Header Files</Filter>
    </CustomBuild>
    <CustomBuild Include="lazyplaintextedit.h">
      <Filter>Header Files</Filter>
    </CustomBuild>
    <CustomBuild Include="lib7z_facade.h">
      <Filter>Header Files</Filter>
    </CustomBuild>
    <ClInclude Include="licenseoperation.h">
      <Filter>Header Files</Filter>
    </ClInclude>
    <ClInclude Include="linereplaceoperation.h">
      <Filter>Header Files</Filter>
    </ClInclude>
    <ClInclude Include="link.h">
      <Filter>Header Files</Filter>
    </ClInclude>
    <ClInclude Include="localsocket.h">
      <Filter>Header Files</Filter>
    </ClInclude>
    <CustomBuild Include="messageboxhandler.h">
      <Filter>Header Files</Filter>
    </CustomBuild>
    <CustomBuild Include="metadatajob.h">
      <Filter>Header Files</Filter>
    </CustomBuild>
    <CustomBuild Include="metadatajob_p.h">
      <Filter>Header Files</Filter>
    </CustomBuild>
    <CustomBuild Include="minimumprogressoperation.h">
      <Filter>Header Files</Filter>
    </CustomBuild>
    <CustomBuild Include="observer.h">
      <Filter>Header Files</Filter>
    </CustomBuild>
    <CustomBuild Include="packagemanagercore.h">
      <Filter>Header Files</Filter>
    </CustomBuild>
    <CustomBuild Include="packagemanagercore_p.h">
      <Filter>Header Files</Filter>
    </CustomBuild>
    <ClInclude Include="packagemanagercoredata.h">
      <Filter>Header Files</Filter>
    </ClInclude>
    <CustomBuild Include="packagemanagergui.h">
      <Filter>Header Files</Filter>
    </CustomBuild>
    <ClInclude Include="packagemanagerpagefactory.h">
      <Filter>Header Files</Filter>
    </ClInclude>
    <ClInclude Include="packagemanagerproxyfactory.h">
      <Filter>Header Files</Filter>
    </ClInclude>
    <CustomBuild Include="performinstallationform.h">
      <Filter>Header Files</Filter>
    </CustomBuild>
    <ClInclude Include="permissionsettings.h">
      <Filter>Header Files</Filter>
    </ClInclude>
    <ClInclude Include="productkeycheck.h">
      <Filter>Header Files</Filter>
    </ClInclude>
    <CustomBuild Include="progresscoordinator.h">
      <Filter>Header Files</Filter>
    </CustomBuild>
    <ClInclude Include="protocol.h">
      <Filter>Header Files</Filter>
    </ClInclude>
    <CustomBuild Include="proxycredentialsdialog.h">
      <Filter>Header Files</Filter>
    </CustomBuild>
    <ClInclude Include="qinstallerglobal.h">
      <Filter>Header Files</Filter>
    </ClInclude>
    <CustomBuild Include="qprocesswrapper.h">
      <Filter>Header Files</Filter>
    </CustomBuild>
    <CustomBuild Include="qsettingswrapper.h">
      <Filter>Header Files</Filter>
    </CustomBuild>
    <ClInclude Include="qtpatch.h">
      <Filter>Header Files</Filter>
    </ClInclude>
    <CustomBuild Include="registerfiletypeoperation.h">
      <Filter>Header Files</Filter>
    </CustomBuild>
    <ClInclude Include="remoteclient.h">
      <Filter>Header Files</Filter>
    </ClInclude>
    <ClInclude Include="remoteclient_p.h">
      <Filter>Header Files</Filter>
    </ClInclude>
    <ClInclude Include="remotefileengine.h">
      <Filter>Header Files</Filter>
    </ClInclude>
    <CustomBuild Include="remoteobject.h">
      <Filter>Header Files</Filter>
    </CustomBuild>
    <CustomBuild Include="remoteserver.h">
      <Filter>Header Files</Filter>
    </CustomBuild>
    <CustomBuild Include="remoteserver_p.h">
      <Filter>Header Files</Filter>
    </CustomBuild>
    <CustomBuild Include="remoteserverconnection.h">
      <Filter>Header Files</Filter>
    </CustomBuild>
    <CustomBuild Include="remoteserverconnection_p.h">
      <Filter>Header Files</Filter>
    </CustomBuild>
    <ClInclude Include="replaceoperation.h">
      <Filter>Header Files</Filter>
    </ClInclude>
    <ClInclude Include="repository.h">
      <Filter>Header Files</Filter>
    </ClInclude>
    <ClInclude Include="runextensions.h">
      <Filter>Header Files</Filter>
    </ClInclude>
    <CustomBuild Include="scriptengine.h">
      <Filter>Header Files</Filter>
    </CustomBuild>
    <CustomBuild Include="scriptengine_p.h">
      <Filter>Header Files</Filter>
    </CustomBuild>
    <ClInclude Include="selfrestartoperation.h">
      <Filter>Header Files</Filter>
    </ClInclude>
    <CustomBuild Include="serverauthenticationdialog.h">
      <Filter>Header Files</Filter>
    </CustomBuild>
    <ClInclude Include="settings.h">
      <Filter>Header Files</Filter>
    </ClInclude>
    <ClInclude Include="settingsoperation.h">
      <Filter>Header Files</Filter>
    </ClInclude>
    <CustomBuild Include="simplemovefileoperation.h">
      <Filter>Header Files</Filter>
    </CustomBuild>
    <CustomBuild Include="systeminfo.h">
      <Filter>Header Files</Filter>
    </CustomBuild>
    <CustomBuild Include="testrepository.h">
      <Filter>Header Files</Filter>
    </CustomBuild>
    <ClInclude Include="uninstallercalculator.h">
      <Filter>Header Files</Filter>
    </ClInclude>
    <ClInclude Include="unziptask.h">
      <Filter>Header Files</Filter>
    </ClInclude>
    <ClInclude Include="utils.h">
      <Filter>Header Files</Filter>
    </ClInclude>
    <CustomBuild Include="Release\packagemanagergui.moc">
      <Filter>Generated Files\Release</Filter>
    </CustomBuild>
    <CustomBuild Include="Debug\packagemanagergui.moc">
      <Filter>Generated Files\Debug</Filter>
    </CustomBuild>
    <CustomBuild Include="VectorWizard.h">
      <Filter>Header Files</Filter>
    </CustomBuild>
  </ItemGroup>
  <ItemGroup>
    <CustomBuild Include="..\kdtools\authenticationdialog.ui">
      <Filter>Form Files</Filter>
    </CustomBuild>
    <CustomBuild Include="proxycredentialsdialog.ui">
      <Filter>Form Files</Filter>
    </CustomBuild>
    <CustomBuild Include="serverauthenticationdialog.ui">
      <Filter>Form Files</Filter>
    </CustomBuild>
  </ItemGroup>
  <ItemGroup>
    <None Include="resources\installer.icns">
      <Filter>Resource Files</Filter>
    </None>
    <None Include="resources\installer.ico">
      <Filter>Resource Files</Filter>
    </None>
    <None Include="resources\installer.png">
      <Filter>Resource Files</Filter>
    </None>
    <CustomBuild Include="resources\installer.qrc">
      <Filter>Resource Files</Filter>
    </CustomBuild>
  </ItemGroup>
  <ItemGroup>
    <ClInclude Include="GeneratedFiles\ui_authenticationdialog.h">
      <Filter>Generated Files</Filter>
    </ClInclude>
    <ClInclude Include="GeneratedFiles\ui_proxycredentialsdialog.h">
      <Filter>Generated Files</Filter>
    </ClInclude>
    <ClInclude Include="GeneratedFiles\ui_serverauthenticationdialog.h">
      <Filter>Generated Files</Filter>
    </ClInclude>
    <ClInclude Include="addkitstospeeddialoperation.h">
      <Filter>Header Files</Filter>
    </ClInclude>
  </ItemGroup>
</Project>